// !$*UTF8*$!
{
	archiveVersion = 1;
	classes = {
	};
	objectVersion = 50;
	objects = {

/* Begin PBXBuildFile section */
		7ADA55202519951700CE70DA /* AppDelegate.swift in Sources */ = {isa = PBXBuildFile; fileRef = 7ADA551F2519951700CE70DA /* AppDelegate.swift */; };
		7ADA55222519951700CE70DA /* SceneDelegate.swift in Sources */ = {isa = PBXBuildFile; fileRef = 7ADA55212519951700CE70DA /* SceneDelegate.swift */; };
		7ADA55242519951700CE70DA /* ViewController.swift in Sources */ = {isa = PBXBuildFile; fileRef = 7ADA55232519951700CE70DA /* ViewController.swift */; };
		7ADA55272519951700CE70DA /* Main.storyboard in Resources */ = {isa = PBXBuildFile; fileRef = 7ADA55252519951700CE70DA /* Main.storyboard */; };
		7ADA55292519951800CE70DA /* Assets.xcassets in Resources */ = {isa = PBXBuildFile; fileRef = 7ADA55282519951800CE70DA /* Assets.xcassets */; };
		7ADA552C2519951800CE70DA /* LaunchScreen.storyboard in Resources */ = {isa = PBXBuildFile; fileRef = 7ADA552A2519951800CE70DA /* LaunchScreen.storyboard */; };
		7ADA55372519951900CE70DA /* LightTests.swift in Sources */ = {isa = PBXBuildFile; fileRef = 7ADA55362519951900CE70DA /* LightTests.swift */; };
		7ADA55422519951900CE70DA /* LightUITests.swift in Sources */ = {isa = PBXBuildFile; fileRef = 7ADA55412519951900CE70DA /* LightUITests.swift */; };
/* End PBXBuildFile section */

/* Begin PBXContainerItemProxy section */
		7ADA55332519951900CE70DA /* PBXContainerItemProxy */ = {
			isa = PBXContainerItemProxy;
			containerPortal = 7ADA55142519951700CE70DA /* Project object */;
			proxyType = 1;
			remoteGlobalIDString = 7ADA551B2519951700CE70DA;
			remoteInfo = Light;
		};
		7ADA553E2519951900CE70DA /* PBXContainerItemProxy */ = {
			isa = PBXContainerItemProxy;
			containerPortal = 7ADA55142519951700CE70DA /* Project object */;
			proxyType = 1;
			remoteGlobalIDString = 7ADA551B2519951700CE70DA;
			remoteInfo = Light;
		};
/* End PBXContainerItemProxy section */

/* Begin PBXFileReference section */
		7ADA551C2519951700CE70DA /* Light.app */ = {isa = PBXFileReference; explicitFileType = wrapper.application; includeInIndex = 0; path = Light.app; sourceTree = BUILT_PRODUCTS_DIR; };
		7ADA551F2519951700CE70DA /* AppDelegate.swift */ = {isa = PBXFileReference; lastKnownFileType = sourcecode.swift; path = AppDelegate.swift; sourceTree = "<group>"; };
		7ADA55212519951700CE70DA /* SceneDelegate.swift */ = {isa = PBXFileReference; lastKnownFileType = sourcecode.swift; path = SceneDelegate.swift; sourceTree = "<group>"; };
		7ADA55232519951700CE70DA /* ViewController.swift */ = {isa = PBXFileReference; lastKnownFileType = sourcecode.swift; path = ViewController.swift; sourceTree = "<group>"; };
		7ADA55262519951700CE70DA /* Base */ = {isa = PBXFileReference; lastKnownFileType = file.storyboard; name = Base; path = Base.lproj/Main.storyboard; sourceTree = "<group>"; };
		7ADA55282519951800CE70DA /* Assets.xcassets */ = {isa = PBXFileReference; lastKnownFileType = folder.assetcatalog; path = Assets.xcassets; sourceTree = "<group>"; };
		7ADA552B2519951800CE70DA /* Base */ = {isa = PBXFileReference; lastKnownFileType = file.storyboard; name = Base; path = Base.lproj/LaunchScreen.storyboard; sourceTree = "<group>"; };
		7ADA552D2519951800CE70DA /* Info.plist */ = {isa = PBXFileReference; lastKnownFileType = text.plist.xml; path = Info.plist; sourceTree = "<group>"; };
		7ADA55322519951900CE70DA /* LightTests.xctest */ = {isa = PBXFileReference; explicitFileType = wrapper.cfbundle; includeInIndex = 0; path = LightTests.xctest; sourceTree = BUILT_PRODUCTS_DIR; };
		7ADA55362519951900CE70DA /* LightTests.swift */ = {isa = PBXFileReference; lastKnownFileType = sourcecode.swift; path = LightTests.swift; sourceTree = "<group>"; };
		7ADA55382519951900CE70DA /* Info.plist */ = {isa = PBXFileReference; lastKnownFileType = text.plist.xml; path = Info.plist; sourceTree = "<group>"; };
		7ADA553D2519951900CE70DA /* LightUITests.xctest */ = {isa = PBXFileReference; explicitFileType = wrapper.cfbundle; includeInIndex = 0; path = LightUITests.xctest; sourceTree = BUILT_PRODUCTS_DIR; };
		7ADA55412519951900CE70DA /* LightUITests.swift */ = {isa = PBXFileReference; lastKnownFileType = sourcecode.swift; path = LightUITests.swift; sourceTree = "<group>"; };
		7ADA55432519951900CE70DA /* Info.plist */ = {isa = PBXFileReference; lastKnownFileType = text.plist.xml; path = Info.plist; sourceTree = "<group>"; };
/* End PBXFileReference section */

/* Begin PBXFrameworksBuildPhase section */
		7ADA55192519951700CE70DA /* Frameworks */ = {
			isa = PBXFrameworksBuildPhase;
			buildActionMask = 2147483647;
			files = (
			);
			runOnlyForDeploymentPostprocessing = 0;
		};
		7ADA552F2519951900CE70DA /* Frameworks */ = {
			isa = PBXFrameworksBuildPhase;
			buildActionMask = 2147483647;
			files = (
			);
			runOnlyForDeploymentPostprocessing = 0;
		};
		7ADA553A2519951900CE70DA /* Frameworks */ = {
			isa = PBXFrameworksBuildPhase;
			buildActionMask = 2147483647;
			files = (
			);
			runOnlyForDeploymentPostprocessing = 0;
		};
/* End PBXFrameworksBuildPhase section */

/* Begin PBXGroup section */
		7ADA55132519951700CE70DA = {
			isa = PBXGroup;
			children = (
				7ADA551E2519951700CE70DA /* Light */,
				7ADA55352519951900CE70DA /* LightTests */,
				7ADA55402519951900CE70DA /* LightUITests */,
				7ADA551D2519951700CE70DA /* Products */,
			);
			sourceTree = "<group>";
		};
		7ADA551D2519951700CE70DA /* Products */ = {
			isa = PBXGroup;
			children = (
				7ADA551C2519951700CE70DA /* Light.app */,
				7ADA55322519951900CE70DA /* LightTests.xctest */,
				7ADA553D2519951900CE70DA /* LightUITests.xctest */,
			);
			name = Products;
			sourceTree = "<group>";
		};
		7ADA551E2519951700CE70DA /* Light */ = {
			isa = PBXGroup;
			children = (
				7ADA551F2519951700CE70DA /* AppDelegate.swift */,
				7ADA55212519951700CE70DA /* SceneDelegate.swift */,
				7ADA55232519951700CE70DA /* ViewController.swift */,
				7ADA55252519951700CE70DA /* Main.storyboard */,
				7ADA55282519951800CE70DA /* Assets.xcassets */,
				7ADA552A2519951800CE70DA /* LaunchScreen.storyboard */,
				7ADA552D2519951800CE70DA /* Info.plist */,
			);
			path = Light;
			sourceTree = "<group>";
		};
		7ADA55352519951900CE70DA /* LightTests */ = {
			isa = PBXGroup;
			children = (
				7ADA55362519951900CE70DA /* LightTests.swift */,
				7ADA55382519951900CE70DA /* Info.plist */,
			);
			path = LightTests;
			sourceTree = "<group>";
		};
		7ADA55402519951900CE70DA /* LightUITests */ = {
			isa = PBXGroup;
			children = (
				7ADA55412519951900CE70DA /* LightUITests.swift */,
				7ADA55432519951900CE70DA /* Info.plist */,
			);
			path = LightUITests;
			sourceTree = "<group>";
		};
/* End PBXGroup section */

/* Begin PBXNativeTarget section */
		7ADA551B2519951700CE70DA /* Light */ = {
			isa = PBXNativeTarget;
			buildConfigurationList = 7ADA55462519951900CE70DA /* Build configuration list for PBXNativeTarget "Light" */;
			buildPhases = (
				7ADA55182519951700CE70DA /* Sources */,
				7ADA55192519951700CE70DA /* Frameworks */,
				7ADA551A2519951700CE70DA /* Resources */,
			);
			buildRules = (
			);
			dependencies = (
			);
			name = Light;
			productName = Light;
			productReference = 7ADA551C2519951700CE70DA /* Light.app */;
			productType = "com.apple.product-type.application";
		};
		7ADA55312519951900CE70DA /* LightTests */ = {
			isa = PBXNativeTarget;
			buildConfigurationList = 7ADA55492519951900CE70DA /* Build configuration list for PBXNativeTarget "LightTests" */;
			buildPhases = (
				7ADA552E2519951900CE70DA /* Sources */,
				7ADA552F2519951900CE70DA /* Frameworks */,
				7ADA55302519951900CE70DA /* Resources */,
			);
			buildRules = (
			);
			dependencies = (
				7ADA55342519951900CE70DA /* PBXTargetDependency */,
			);
			name = LightTests;
			productName = LightTests;
			productReference = 7ADA55322519951900CE70DA /* LightTests.xctest */;
			productType = "com.apple.product-type.bundle.unit-test";
		};
		7ADA553C2519951900CE70DA /* LightUITests */ = {
			isa = PBXNativeTarget;
			buildConfigurationList = 7ADA554C2519951900CE70DA /* Build configuration list for PBXNativeTarget "LightUITests" */;
			buildPhases = (
				7ADA55392519951900CE70DA /* Sources */,
				7ADA553A2519951900CE70DA /* Frameworks */,
				7ADA553B2519951900CE70DA /* Resources */,
			);
			buildRules = (
			);
			dependencies = (
				7ADA553F2519951900CE70DA /* PBXTargetDependency */,
			);
			name = LightUITests;
			productName = LightUITests;
			productReference = 7ADA553D2519951900CE70DA /* LightUITests.xctest */;
			productType = "com.apple.product-type.bundle.ui-testing";
		};
/* End PBXNativeTarget section */

/* Begin PBXProject section */
		7ADA55142519951700CE70DA /* Project object */ = {
			isa = PBXProject;
			attributes = {
				LastSwiftUpdateCheck = 1170;
				LastUpgradeCheck = 1170;
				ORGANIZATIONNAME = CSUFTitan;
				TargetAttributes = {
					7ADA551B2519951700CE70DA = {
						CreatedOnToolsVersion = 11.7;
					};
					7ADA55312519951900CE70DA = {
						CreatedOnToolsVersion = 11.7;
						TestTargetID = 7ADA551B2519951700CE70DA;
					};
					7ADA553C2519951900CE70DA = {
						CreatedOnToolsVersion = 11.7;
						TestTargetID = 7ADA551B2519951700CE70DA;
					};
				};
			};
			buildConfigurationList = 7ADA55172519951700CE70DA /* Build configuration list for PBXProject "Light" */;
			compatibilityVersion = "Xcode 9.3";
			developmentRegion = en;
			hasScannedForEncodings = 0;
			knownRegions = (
				en,
				Base,
			);
			mainGroup = 7ADA55132519951700CE70DA;
			productRefGroup = 7ADA551D2519951700CE70DA /* Products */;
			projectDirPath = "";
			projectRoot = "";
			targets = (
				7ADA551B2519951700CE70DA /* Light */,
				7ADA55312519951900CE70DA /* LightTests */,
				7ADA553C2519951900CE70DA /* LightUITests */,
			);
		};
/* End PBXProject section */

/* Begin PBXResourcesBuildPhase section */
		7ADA551A2519951700CE70DA /* Resources */ = {
			isa = PBXResourcesBuildPhase;
			buildActionMask = 2147483647;
			files = (
				7ADA552C2519951800CE70DA /* LaunchScreen.storyboard in Resources */,
				7ADA55292519951800CE70DA /* Assets.xcassets in Resources */,
				7ADA55272519951700CE70DA /* Main.storyboard in Resources */,
			);
			runOnlyForDeploymentPostprocessing = 0;
		};
		7ADA55302519951900CE70DA /* Resources */ = {
			isa = PBXResourcesBuildPhase;
			buildActionMask = 2147483647;
			files = (
			);
			runOnlyForDeploymentPostprocessing = 0;
		};
		7ADA553B2519951900CE70DA /* Resources */ = {
			isa = PBXResourcesBuildPhase;
			buildActionMask = 2147483647;
			files = (
			);
			runOnlyForDeploymentPostprocessing = 0;
		};
/* End PBXResourcesBuildPhase section */

/* Begin PBXSourcesBuildPhase section */
		7ADA55182519951700CE70DA /* Sources */ = {
			isa = PBXSourcesBuildPhase;
			buildActionMask = 2147483647;
			files = (
				7ADA55242519951700CE70DA /* ViewController.swift in Sources */,
				7ADA55202519951700CE70DA /* AppDelegate.swift in Sources */,
				7ADA55222519951700CE70DA /* SceneDelegate.swift in Sources */,
			);
			runOnlyForDeploymentPostprocessing = 0;
		};
		7ADA552E2519951900CE70DA /* Sources */ = {
			isa = PBXSourcesBuildPhase;
			buildActionMask = 2147483647;
			files = (
				7ADA55372519951900CE70DA /* LightTests.swift in Sources */,
			);
			runOnlyForDeploymentPostprocessing = 0;
		};
		7ADA55392519951900CE70DA /* Sources */ = {
			isa = PBXSourcesBuildPhase;
			buildActionMask = 2147483647;
			files = (
				7ADA55422519951900CE70DA /* LightUITests.swift in Sources */,
			);
			runOnlyForDeploymentPostprocessing = 0;
		};
/* End PBXSourcesBuildPhase section */

/* Begin PBXTargetDependency section */
		7ADA55342519951900CE70DA /* PBXTargetDependency */ = {
			isa = PBXTargetDependency;
			target = 7ADA551B2519951700CE70DA /* Light */;
			targetProxy = 7ADA55332519951900CE70DA /* PBXContainerItemProxy */;
		};
		7ADA553F2519951900CE70DA /* PBXTargetDependency */ = {
			isa = PBXTargetDependency;
			target = 7ADA551B2519951700CE70DA /* Light */;
			targetProxy = 7ADA553E2519951900CE70DA /* PBXContainerItemProxy */;
		};
/* End PBXTargetDependency section */

/* Begin PBXVariantGroup section */
		7ADA55252519951700CE70DA /* Main.storyboard */ = {
			isa = PBXVariantGroup;
			children = (
				7ADA55262519951700CE70DA /* Base */,
			);
			name = Main.storyboard;
			sourceTree = "<group>";
		};
		7ADA552A2519951800CE70DA /* LaunchScreen.storyboard */ = {
			isa = PBXVariantGroup;
			children = (
				7ADA552B2519951800CE70DA /* Base */,
			);
			name = LaunchScreen.storyboard;
			sourceTree = "<group>";
		};
/* End PBXVariantGroup section */

/* Begin XCBuildConfiguration section */
		7ADA55442519951900CE70DA /* Debug */ = {
			isa = XCBuildConfiguration;
			buildSettings = {
				ALWAYS_SEARCH_USER_PATHS = NO;
				CLANG_ANALYZER_NONNULL = YES;
				CLANG_ANALYZER_NUMBER_OBJECT_CONVERSION = YES_AGGRESSIVE;
				CLANG_CXX_LANGUAGE_STANDARD = "gnu++14";
				CLANG_CXX_LIBRARY = "libc++";
				CLANG_ENABLE_MODULES = YES;
				CLANG_ENABLE_OBJC_ARC = YES;
				CLANG_ENABLE_OBJC_WEAK = YES;
				CLANG_WARN_BLOCK_CAPTURE_AUTORELEASING = YES;
				CLANG_WARN_BOOL_CONVERSION = YES;
				CLANG_WARN_COMMA = YES;
				CLANG_WARN_CONSTANT_CONVERSION = YES;
				CLANG_WARN_DEPRECATED_OBJC_IMPLEMENTATIONS = YES;
				CLANG_WARN_DIRECT_OBJC_ISA_USAGE = YES_ERROR;
				CLANG_WARN_DOCUMENTATION_COMMENTS = YES;
				CLANG_WARN_EMPTY_BODY = YES;
				CLANG_WARN_ENUM_CONVERSION = YES;
				CLANG_WARN_INFINITE_RECURSION = YES;
				CLANG_WARN_INT_CONVERSION = YES;
				CLANG_WARN_NON_LITERAL_NULL_CONVERSION = YES;
				CLANG_WARN_OBJC_IMPLICIT_RETAIN_SELF = YES;
				CLANG_WARN_OBJC_LITERAL_CONVERSION = YES;
				CLANG_WARN_OBJC_ROOT_CLASS = YES_ERROR;
				CLANG_WARN_RANGE_LOOP_ANALYSIS = YES;
				CLANG_WARN_STRICT_PROTOTYPES = YES;
				CLANG_WARN_SUSPICIOUS_MOVE = YES;
				CLANG_WARN_UNGUARDED_AVAILABILITY = YES_AGGRESSIVE;
				CLANG_WARN_UNREACHABLE_CODE = YES;
				CLANG_WARN__DUPLICATE_METHOD_MATCH = YES;
				COPY_PHASE_STRIP = NO;
				DEBUG_INFORMATION_FORMAT = dwarf;
				ENABLE_STRICT_OBJC_MSGSEND = YES;
				ENABLE_TESTABILITY = YES;
				GCC_C_LANGUAGE_STANDARD = gnu11;
				GCC_DYNAMIC_NO_PIC = NO;
				GCC_NO_COMMON_BLOCKS = YES;
				GCC_OPTIMIZATION_LEVEL = 0;
				GCC_PREPROCESSOR_DEFINITIONS = (
					"DEBUG=1",
					"$(inherited)",
				);
				GCC_WARN_64_TO_32_BIT_CONVERSION = YES;
				GCC_WARN_ABOUT_RETURN_TYPE = YES_ERROR;
				GCC_WARN_UNDECLARED_SELECTOR = YES;
				GCC_WARN_UNINITIALIZED_AUTOS = YES_AGGRESSIVE;
				GCC_WARN_UNUSED_FUNCTION = YES;
				GCC_WARN_UNUSED_VARIABLE = YES;
				IPHONEOS_DEPLOYMENT_TARGET = 13.7;
				MTL_ENABLE_DEBUG_INFO = INCLUDE_SOURCE;
				MTL_FAST_MATH = YES;
				ONLY_ACTIVE_ARCH = YES;
				SDKROOT = iphoneos;
				SWIFT_ACTIVE_COMPILATION_CONDITIONS = DEBUG;
				SWIFT_OPTIMIZATION_LEVEL = "-Onone";
			};
			name = Debug;
		};
		7ADA55452519951900CE70DA /* Release */ = {
			isa = XCBuildConfiguration;
			buildSettings = {
				ALWAYS_SEARCH_USER_PATHS = NO;
				CLANG_ANALYZER_NONNULL = YES;
				CLANG_ANALYZER_NUMBER_OBJECT_CONVERSION = YES_AGGRESSIVE;
				CLANG_CXX_LANGUAGE_STANDARD = "gnu++14";
				CLANG_CXX_LIBRARY = "libc++";
				CLANG_ENABLE_MODULES = YES;
				CLANG_ENABLE_OBJC_ARC = YES;
				CLANG_ENABLE_OBJC_WEAK = YES;
				CLANG_WARN_BLOCK_CAPTURE_AUTORELEASING = YES;
				CLANG_WARN_BOOL_CONVERSION = YES;
				CLANG_WARN_COMMA = YES;
				CLANG_WARN_CONSTANT_CONVERSION = YES;
				CLANG_WARN_DEPRECATED_OBJC_IMPLEMENTATIONS = YES;
				CLANG_WARN_DIRECT_OBJC_ISA_USAGE = YES_ERROR;
				CLANG_WARN_DOCUMENTATION_COMMENTS = YES;
				CLANG_WARN_EMPTY_BODY = YES;
				CLANG_WARN_ENUM_CONVERSION = YES;
				CLANG_WARN_INFINITE_RECURSION = YES;
				CLANG_WARN_INT_CONVERSION = YES;
				CLANG_WARN_NON_LITERAL_NULL_CONVERSION = YES;
				CLANG_WARN_OBJC_IMPLICIT_RETAIN_SELF = YES;
				CLANG_WARN_OBJC_LITERAL_CONVERSION = YES;
				CLANG_WARN_OBJC_ROOT_CLASS = YES_ERROR;
				CLANG_WARN_RANGE_LOOP_ANALYSIS = YES;
				CLANG_WARN_STRICT_PROTOTYPES = YES;
				CLANG_WARN_SUSPICIOUS_MOVE = YES;
				CLANG_WARN_UNGUARDED_AVAILABILITY = YES_AGGRESSIVE;
				CLANG_WARN_UNREACHABLE_CODE = YES;
				CLANG_WARN__DUPLICATE_METHOD_MATCH = YES;
				COPY_PHASE_STRIP = NO;
				DEBUG_INFORMATION_FORMAT = "dwarf-with-dsym";
				ENABLE_NS_ASSERTIONS = NO;
				ENABLE_STRICT_OBJC_MSGSEND = YES;
				GCC_C_LANGUAGE_STANDARD = gnu11;
				GCC_NO_COMMON_BLOCKS = YES;
				GCC_WARN_64_TO_32_BIT_CONVERSION = YES;
				GCC_WARN_ABOUT_RETURN_TYPE = YES_ERROR;
				GCC_WARN_UNDECLARED_SELECTOR = YES;
				GCC_WARN_UNINITIALIZED_AUTOS = YES_AGGRESSIVE;
				GCC_WARN_UNUSED_FUNCTION = YES;
				GCC_WARN_UNUSED_VARIABLE = YES;
				IPHONEOS_DEPLOYMENT_TARGET = 13.7;
				MTL_ENABLE_DEBUG_INFO = NO;
				MTL_FAST_MATH = YES;
				SDKROOT = iphoneos;
				SWIFT_COMPILATION_MODE = wholemodule;
				SWIFT_OPTIMIZATION_LEVEL = "-O";
				VALIDATE_PRODUCT = YES;
			};
			name = Release;
		};
		7ADA55472519951900CE70DA /* Debug */ = {
			isa = XCBuildConfiguration;
			buildSettings = {
				ASSETCATALOG_COMPILER_APPICON_NAME = AppIcon;
				CODE_SIGN_STYLE = Automatic;
				INFOPLIST_FILE = Light/Info.plist;
				LD_RUNPATH_SEARCH_PATHS = (
					"$(inherited)",
					"@executable_path/Frameworks",
				);
				PRODUCT_BUNDLE_IDENTIFIER = ScottOrganization.Light;
				PRODUCT_NAME = "$(TARGET_NAME)";
				SWIFT_VERSION = 5.0;
				TARGETED_DEVICE_FAMILY = "1,2";
			};
			name = Debug;
		};
		7ADA55482519951900CE70DA /* Release */ = {
			isa = XCBuildConfiguration;
			buildSettings = {
				ASSETCATALOG_COMPILER_APPICON_NAME = AppIcon;
				CODE_SIGN_STYLE = Automatic;
				INFOPLIST_FILE = Light/Info.plist;
				LD_RUNPATH_SEARCH_PATHS = (
					"$(inherited)",
					"@executable_path/Frameworks",
				);
				PRODUCT_BUNDLE_IDENTIFIER = ScottOrganization.Light;
				PRODUCT_NAME = "$(TARGET_NAME)";
				SWIFT_VERSION = 5.0;
				TARGETED_DEVICE_FAMILY = "1,2";
			};
			name = Release;
		};
		7ADA554A2519951900CE70DA /* Debug */ = {
			isa = XCBuildConfiguration;
			buildSettings = {
				ALWAYS_EMBED_SWIFT_STANDARD_LIBRARIES = YES;
				BUNDLE_LOADER = "$(TEST_HOST)";
				CODE_SIGN_STYLE = Automatic;
				INFOPLIST_FILE = LightTests/Info.plist;
				IPHONEOS_DEPLOYMENT_TARGET = 13.7;
				LD_RUNPATH_SEARCH_PATHS = (
					"$(inherited)",
					"@executable_path/Frameworks",
					"@loader_path/Frameworks",
				);
				PRODUCT_BUNDLE_IDENTIFIER = ScottOrganization.LightTests;
				PRODUCT_NAME = "$(TARGET_NAME)";
				SWIFT_VERSION = 5.0;
				TARGETED_DEVICE_FAMILY = "1,2";
				TEST_HOST = "$(BUILT_PRODUCTS_DIR)/Light.app/Light";
			};
			name = Debug;
		};
		7ADA554B2519951900CE70DA /* Release */ = {
			isa = XCBuildConfiguration;
			buildSettings = {
				ALWAYS_EMBED_SWIFT_STANDARD_LIBRARIES = YES;
				BUNDLE_LOADER = "$(TEST_HOST)";
				CODE_SIGN_STYLE = Automatic;
				INFOPLIST_FILE = LightTests/Info.plist;
				IPHONEOS_DEPLOYMENT_TARGET = 13.7;
				LD_RUNPATH_SEARCH_PATHS = (
					"$(inherited)",
					"@executable_path/Frameworks",
					"@loader_path/Frameworks",
				);
				PRODUCT_BUNDLE_IDENTIFIER = ScottOrganization.LightTests;
				PRODUCT_NAME = "$(TARGET_NAME)";
				SWIFT_VERSION = 5.0;
				TARGETED_DEVICE_FAMILY = "1,2";
				TEST_HOST = "$(BUILT_PRODUCTS_DIR)/Light.app/Light";
			};
			name = Release;
		};
		7ADA554D2519951900CE70DA /* Debug */ = {
			isa = XCBuildConfiguration;
			buildSettings = {
				ALWAYS_EMBED_SWIFT_STANDARD_LIBRARIES = YES;
				CODE_SIGN_STYLE = Automatic;
				INFOPLIST_FILE = LightUITests/Info.plist;
				LD_RUNPATH_SEARCH_PATHS = (
					"$(inherited)",
					"@executable_path/Frameworks",
					"@loader_path/Frameworks",
				);
				PRODUCT_BUNDLE_IDENTIFIER = ScottOrganization.LightUITests;
				PRODUCT_NAME = "$(TARGET_NAME)";
				SWIFT_VERSION = 5.0;
				TARGETED_DEVICE_FAMILY = "1,2";
				TEST_TARGET_NAME = Light;
			};
			name = Debug;
		};
		7ADA554E2519951900CE70DA /* Release */ = {
			isa = XCBuildConfiguration;
			buildSettings = {
				ALWAYS_EMBED_SWIFT_STANDARD_LIBRARIES = YES;
				CODE_SIGN_STYLE = Automatic;
				INFOPLIST_FILE = LightUITests/Info.plist;
				LD_RUNPATH_SEARCH_PATHS = (
					"$(inherited)",
					"@executable_path/Frameworks",
					"@loader_path/Frameworks",
				);
				PRODUCT_BUNDLE_IDENTIFIER = ScottOrganization.LightUITests;
				PRODUCT_NAME = "$(TARGET_NAME)";
				SWIFT_VERSION = 5.0;
				TARGETED_DEVICE_FAMILY = "1,2";
				TEST_TARGET_NAME = Light;
			};
			name = Release;
		};
/* End XCBuildConfiguration section */

/* Begin XCConfigurationList section */
		7ADA55172519951700CE70DA /* Build configuration list for PBXProject "Light" */ = {
			isa = XCConfigurationList;
			buildConfigurations = (
				7ADA55442519951900CE70DA /* Debug */,
				7ADA55452519951900CE70DA /* Release */,
			);
			defaultConfigurationIsVisible = 0;
			defaultConfigurationName = Release;
		};
		7ADA55462519951900CE70DA /* Build configuration list for PBXNativeTarget "Light" */ = {
			isa = XCConfigurationList;
			buildConfigurations = (
				7ADA55472519951900CE70DA /* Debug */,
				7ADA55482519951900CE70DA /* Release */,
			);
			defaultConfigurationIsVisible = 0;
			defaultConfigurationName = Release;
		};
		7ADA55492519951900CE70DA /* Build configuration list for PBXNativeTarget "LightTests" */ = {
			isa = XCConfigurationList;
			buildConfigurations = (
				7ADA554A2519951900CE70DA /* Debug */,
				7ADA554B2519951900CE70DA /* Release */,
			);
			defaultConfigurationIsVisible = 0;
			defaultConfigurationName = Release;
		};
		7ADA554C2519951900CE70DA /* Build configuration list for PBXNativeTarget "LightUITests" */ = {
			isa = XCConfigurationList;
			buildConfigurations = (
				7ADA554D2519951900CE70DA /* Debug */,
				7ADA554E2519951900CE70DA /* Release */,
			);
			defaultConfigurationIsVisible = 0;
			defaultConfigurationName = Release;
		};
/* End XCConfigurationList section */
	};
	rootObject = 7ADA55142519951700CE70DA /* Project object */;
}
