// !$*UTF8*$!
{
	archiveVersion = 1;
	classes = {
	};
	objectVersion = 50;
	objects = {

/* Begin PBXBuildFile section */
		7ADA555C2519A35400CE70DA /* AppDelegate.swift in Sources */ = {isa = PBXBuildFile; fileRef = 7ADA555B2519A35400CE70DA /* AppDelegate.swift */; };
		7ADA555E2519A35400CE70DA /* SceneDelegate.swift in Sources */ = {isa = PBXBuildFile; fileRef = 7ADA555D2519A35400CE70DA /* SceneDelegate.swift */; };
		7ADA55602519A35400CE70DA /* ViewController.swift in Sources */ = {isa = PBXBuildFile; fileRef = 7ADA555F2519A35400CE70DA /* ViewController.swift */; };
		7ADA55632519A35400CE70DA /* Main.storyboard in Resources */ = {isa = PBXBuildFile; fileRef = 7ADA55612519A35400CE70DA /* Main.storyboard */; };
		7ADA55652519A35800CE70DA /* Assets.xcassets in Resources */ = {isa = PBXBuildFile; fileRef = 7ADA55642519A35800CE70DA /* Assets.xcassets */; };
		7ADA55682519A35800CE70DA /* LaunchScreen.storyboard in Resources */ = {isa = PBXBuildFile; fileRef = 7ADA55662519A35800CE70DA /* LaunchScreen.storyboard */; };
		7ADA55732519A35800CE70DA /* Apple_PieTests.swift in Sources */ = {isa = PBXBuildFile; fileRef = 7ADA55722519A35800CE70DA /* Apple_PieTests.swift */; };
		7ADA557E2519A35800CE70DA /* Apple_PieUITests.swift in Sources */ = {isa = PBXBuildFile; fileRef = 7ADA557D2519A35800CE70DA /* Apple_PieUITests.swift */; };
		7ADA558C2519B46900CE70DA /* Game.swift in Sources */ = {isa = PBXBuildFile; fileRef = 7ADA558B2519B46900CE70DA /* Game.swift */; };
/* End PBXBuildFile section */

/* Begin PBXContainerItemProxy section */
		7ADA556F2519A35800CE70DA /* PBXContainerItemProxy */ = {
			isa = PBXContainerItemProxy;
			containerPortal = 7ADA55502519A35400CE70DA /* Project object */;
			proxyType = 1;
			remoteGlobalIDString = 7ADA55572519A35400CE70DA;
			remoteInfo = "Apple Pie";
		};
		7ADA557A2519A35800CE70DA /* PBXContainerItemProxy */ = {
			isa = PBXContainerItemProxy;
			containerPortal = 7ADA55502519A35400CE70DA /* Project object */;
			proxyType = 1;
			remoteGlobalIDString = 7ADA55572519A35400CE70DA;
			remoteInfo = "Apple Pie";
		};
/* End PBXContainerItemProxy section */

/* Begin PBXFileReference section */
		7ADA55582519A35400CE70DA /* Apple Pie.app */ = {isa = PBXFileReference; explicitFileType = wrapper.application; includeInIndex = 0; path = "Apple Pie.app"; sourceTree = BUILT_PRODUCTS_DIR; };
		7ADA555B2519A35400CE70DA /* AppDelegate.swift */ = {isa = PBXFileReference; lastKnownFileType = sourcecode.swift; path = AppDelegate.swift; sourceTree = "<group>"; };
		7ADA555D2519A35400CE70DA /* SceneDelegate.swift */ = {isa = PBXFileReference; lastKnownFileType = sourcecode.swift; path = SceneDelegate.swift; sourceTree = "<group>"; };
		7ADA555F2519A35400CE70DA /* ViewController.swift */ = {isa = PBXFileReference; lastKnownFileType = sourcecode.swift; path = ViewController.swift; sourceTree = "<group>"; };
		7ADA55622519A35400CE70DA /* Base */ = {isa = PBXFileReference; lastKnownFileType = file.storyboard; name = Base; path = Base.lproj/Main.storyboard; sourceTree = "<group>"; };
		7ADA55642519A35800CE70DA /* Assets.xcassets */ = {isa = PBXFileReference; lastKnownFileType = folder.assetcatalog; path = Assets.xcassets; sourceTree = "<group>"; };
		7ADA55672519A35800CE70DA /* Base */ = {isa = PBXFileReference; lastKnownFileType = file.storyboard; name = Base; path = Base.lproj/LaunchScreen.storyboard; sourceTree = "<group>"; };
		7ADA55692519A35800CE70DA /* Info.plist */ = {isa = PBXFileReference; lastKnownFileType = text.plist.xml; path = Info.plist; sourceTree = "<group>"; };
		7ADA556E2519A35800CE70DA /* Apple PieTests.xctest */ = {isa = PBXFileReference; explicitFileType = wrapper.cfbundle; includeInIndex = 0; path = "Apple PieTests.xctest"; sourceTree = BUILT_PRODUCTS_DIR; };
		7ADA55722519A35800CE70DA /* Apple_PieTests.swift */ = {isa = PBXFileReference; lastKnownFileType = sourcecode.swift; path = Apple_PieTests.swift; sourceTree = "<group>"; };
		7ADA55742519A35800CE70DA /* Info.plist */ = {isa = PBXFileReference; lastKnownFileType = text.plist.xml; path = Info.plist; sourceTree = "<group>"; };
		7ADA55792519A35800CE70DA /* Apple PieUITests.xctest */ = {isa = PBXFileReference; explicitFileType = wrapper.cfbundle; includeInIndex = 0; path = "Apple PieUITests.xctest"; sourceTree = BUILT_PRODUCTS_DIR; };
		7ADA557D2519A35800CE70DA /* Apple_PieUITests.swift */ = {isa = PBXFileReference; lastKnownFileType = sourcecode.swift; path = Apple_PieUITests.swift; sourceTree = "<group>"; };
		7ADA557F2519A35800CE70DA /* Info.plist */ = {isa = PBXFileReference; lastKnownFileType = text.plist.xml; path = Info.plist; sourceTree = "<group>"; };
		7ADA558B2519B46900CE70DA /* Game.swift */ = {isa = PBXFileReference; lastKnownFileType = sourcecode.swift; path = Game.swift; sourceTree = "<group>"; };
/* End PBXFileReference section */

/* Begin PBXFrameworksBuildPhase section */
		7ADA55552519A35400CE70DA /* Frameworks */ = {
			isa = PBXFrameworksBuildPhase;
			buildActionMask = 2147483647;
			files = (
			);
			runOnlyForDeploymentPostprocessing = 0;
		};
		7ADA556B2519A35800CE70DA /* Frameworks */ = {
			isa = PBXFrameworksBuildPhase;
			buildActionMask = 2147483647;
			files = (
			);
			runOnlyForDeploymentPostprocessing = 0;
		};
		7ADA55762519A35800CE70DA /* Frameworks */ = {
			isa = PBXFrameworksBuildPhase;
			buildActionMask = 2147483647;
			files = (
			);
			runOnlyForDeploymentPostprocessing = 0;
		};
/* End PBXFrameworksBuildPhase section */

/* Begin PBXGroup section */
		7ADA554F2519A35400CE70DA = {
			isa = PBXGroup;
			children = (
				7ADA555A2519A35400CE70DA /* Apple Pie */,
				7ADA55712519A35800CE70DA /* Apple PieTests */,
				7ADA557C2519A35800CE70DA /* Apple PieUITests */,
				7ADA55592519A35400CE70DA /* Products */,
			);
			sourceTree = "<group>";
		};
		7ADA55592519A35400CE70DA /* Products */ = {
			isa = PBXGroup;
			children = (
				7ADA55582519A35400CE70DA /* Apple Pie.app */,
				7ADA556E2519A35800CE70DA /* Apple PieTests.xctest */,
				7ADA55792519A35800CE70DA /* Apple PieUITests.xctest */,
			);
			name = Products;
			sourceTree = "<group>";
		};
		7ADA555A2519A35400CE70DA /* Apple Pie */ = {
			isa = PBXGroup;
			children = (
				7ADA555B2519A35400CE70DA /* AppDelegate.swift */,
				7ADA555D2519A35400CE70DA /* SceneDelegate.swift */,
				7ADA555F2519A35400CE70DA /* ViewController.swift */,
				7ADA55612519A35400CE70DA /* Main.storyboard */,
				7ADA558B2519B46900CE70DA /* Game.swift */,
				7ADA55642519A35800CE70DA /* Assets.xcassets */,
				7ADA55662519A35800CE70DA /* LaunchScreen.storyboard */,
				7ADA55692519A35800CE70DA /* Info.plist */,
			);
			path = "Apple Pie";
			sourceTree = "<group>";
		};
		7ADA55712519A35800CE70DA /* Apple PieTests */ = {
			isa = PBXGroup;
			children = (
				7ADA55722519A35800CE70DA /* Apple_PieTests.swift */,
				7ADA55742519A35800CE70DA /* Info.plist */,
			);
			path = "Apple PieTests";
			sourceTree = "<group>";
		};
		7ADA557C2519A35800CE70DA /* Apple PieUITests */ = {
			isa = PBXGroup;
			children = (
				7ADA557D2519A35800CE70DA /* Apple_PieUITests.swift */,
				7ADA557F2519A35800CE70DA /* Info.plist */,
			);
			path = "Apple PieUITests";
			sourceTree = "<group>";
		};
/* End PBXGroup section */

/* Begin PBXNativeTarget section */
		7ADA55572519A35400CE70DA /* Apple Pie */ = {
			isa = PBXNativeTarget;
			buildConfigurationList = 7ADA55822519A35800CE70DA /* Build configuration list for PBXNativeTarget "Apple Pie" */;
			buildPhases = (
				7ADA55542519A35400CE70DA /* Sources */,
				7ADA55552519A35400CE70DA /* Frameworks */,
				7ADA55562519A35400CE70DA /* Resources */,
			);
			buildRules = (
			);
			dependencies = (
			);
			name = "Apple Pie";
			productName = "Apple Pie";
			productReference = 7ADA55582519A35400CE70DA /* Apple Pie.app */;
			productType = "com.apple.product-type.application";
		};
		7ADA556D2519A35800CE70DA /* Apple PieTests */ = {
			isa = PBXNativeTarget;
			buildConfigurationList = 7ADA55852519A35800CE70DA /* Build configuration list for PBXNativeTarget "Apple PieTests" */;
			buildPhases = (
				7ADA556A2519A35800CE70DA /* Sources */,
				7ADA556B2519A35800CE70DA /* Frameworks */,
				7ADA556C2519A35800CE70DA /* Resources */,
			);
			buildRules = (
			);
			dependencies = (
				7ADA55702519A35800CE70DA /* PBXTargetDependency */,
			);
			name = "Apple PieTests";
			productName = "Apple PieTests";
			productReference = 7ADA556E2519A35800CE70DA /* Apple PieTests.xctest */;
			productType = "com.apple.product-type.bundle.unit-test";
		};
		7ADA55782519A35800CE70DA /* Apple PieUITests */ = {
			isa = PBXNativeTarget;
			buildConfigurationList = 7ADA55882519A35800CE70DA /* Build configuration list for PBXNativeTarget "Apple PieUITests" */;
			buildPhases = (
				7ADA55752519A35800CE70DA /* Sources */,
				7ADA55762519A35800CE70DA /* Frameworks */,
				7ADA55772519A35800CE70DA /* Resources */,
			);
			buildRules = (
			);
			dependencies = (
				7ADA557B2519A35800CE70DA /* PBXTargetDependency */,
			);
			name = "Apple PieUITests";
			productName = "Apple PieUITests";
			productReference = 7ADA55792519A35800CE70DA /* Apple PieUITests.xctest */;
			productType = "com.apple.product-type.bundle.ui-testing";
		};
/* End PBXNativeTarget section */

/* Begin PBXProject section */
		7ADA55502519A35400CE70DA /* Project object */ = {
			isa = PBXProject;
			attributes = {
				LastSwiftUpdateCheck = 1170;
				LastUpgradeCheck = 1170;
				ORGANIZATIONNAME = CSUFTitan;
				TargetAttributes = {
					7ADA55572519A35400CE70DA = {
						CreatedOnToolsVersion = 11.7;
					};
					7ADA556D2519A35800CE70DA = {
						CreatedOnToolsVersion = 11.7;
						TestTargetID = 7ADA55572519A35400CE70DA;
					};
					7ADA55782519A35800CE70DA = {
						CreatedOnToolsVersion = 11.7;
						TestTargetID = 7ADA55572519A35400CE70DA;
					};
				};
			};
			buildConfigurationList = 7ADA55532519A35400CE70DA /* Build configuration list for PBXProject "Apple Pie" */;
			compatibilityVersion = "Xcode 9.3";
			developmentRegion = en;
			hasScannedForEncodings = 0;
			knownRegions = (
				en,
				Base,
			);
			mainGroup = 7ADA554F2519A35400CE70DA;
			productRefGroup = 7ADA55592519A35400CE70DA /* Products */;
			projectDirPath = "";
			projectRoot = "";
			targets = (
				7ADA55572519A35400CE70DA /* Apple Pie */,
				7ADA556D2519A35800CE70DA /* Apple PieTests */,
				7ADA55782519A35800CE70DA /* Apple PieUITests */,
			);
		};
/* End PBXProject section */

/* Begin PBXResourcesBuildPhase section */
		7ADA55562519A35400CE70DA /* Resources */ = {
			isa = PBXResourcesBuildPhase;
			buildActionMask = 2147483647;
			files = (
				7ADA55682519A35800CE70DA /* LaunchScreen.storyboard in Resources */,
				7ADA55652519A35800CE70DA /* Assets.xcassets in Resources */,
				7ADA55632519A35400CE70DA /* Main.storyboard in Resources */,
			);
			runOnlyForDeploymentPostprocessing = 0;
		};
		7ADA556C2519A35800CE70DA /* Resources */ = {
			isa = PBXResourcesBuildPhase;
			buildActionMask = 2147483647;
			files = (
			);
			runOnlyForDeploymentPostprocessing = 0;
		};
		7ADA55772519A35800CE70DA /* Resources */ = {
			isa = PBXResourcesBuildPhase;
			buildActionMask = 2147483647;
			files = (
			);
			runOnlyForDeploymentPostprocessing = 0;
		};
/* End PBXResourcesBuildPhase section */

/* Begin PBXSourcesBuildPhase section */
		7ADA55542519A35400CE70DA /* Sources */ = {
			isa = PBXSourcesBuildPhase;
			buildActionMask = 2147483647;
			files = (
				7ADA55602519A35400CE70DA /* ViewController.swift in Sources */,
				7ADA555C2519A35400CE70DA /* AppDelegate.swift in Sources */,
				7ADA555E2519A35400CE70DA /* SceneDelegate.swift in Sources */,
				7ADA558C2519B46900CE70DA /* Game.swift in Sources */,
			);
			runOnlyForDeploymentPostprocessing = 0;
		};
		7ADA556A2519A35800CE70DA /* Sources */ = {
			isa = PBXSourcesBuildPhase;
			buildActionMask = 2147483647;
			files = (
				7ADA55732519A35800CE70DA /* Apple_PieTests.swift in Sources */,
			);
			runOnlyForDeploymentPostprocessing = 0;
		};
		7ADA55752519A35800CE70DA /* Sources */ = {
			isa = PBXSourcesBuildPhase;
			buildActionMask = 2147483647;
			files = (
				7ADA557E2519A35800CE70DA /* Apple_PieUITests.swift in Sources */,
			);
			runOnlyForDeploymentPostprocessing = 0;
		};
/* End PBXSourcesBuildPhase section */

/* Begin PBXTargetDependency section */
		7ADA55702519A35800CE70DA /* PBXTargetDependency */ = {
			isa = PBXTargetDependency;
			target = 7ADA55572519A35400CE70DA /* Apple Pie */;
			targetProxy = 7ADA556F2519A35800CE70DA /* PBXContainerItemProxy */;
		};
		7ADA557B2519A35800CE70DA /* PBXTargetDependency */ = {
			isa = PBXTargetDependency;
			target = 7ADA55572519A35400CE70DA /* Apple Pie */;
			targetProxy = 7ADA557A2519A35800CE70DA /* PBXContainerItemProxy */;
		};
/* End PBXTargetDependency section */

/* Begin PBXVariantGroup section */
		7ADA55612519A35400CE70DA /* Main.storyboard */ = {
			isa = PBXVariantGroup;
			children = (
				7ADA55622519A35400CE70DA /* Base */,
			);
			name = Main.storyboard;
			sourceTree = "<group>";
		};
		7ADA55662519A35800CE70DA /* LaunchScreen.storyboard */ = {
			isa = PBXVariantGroup;
			children = (
				7ADA55672519A35800CE70DA /* Base */,
			);
			name = LaunchScreen.storyboard;
			sourceTree = "<group>";
		};
/* End PBXVariantGroup section */

/* Begin XCBuildConfiguration section */
		7ADA55802519A35800CE70DA /* Debug */ = {
			isa = XCBuildConfiguration;
			buildSettings = {
				ALWAYS_SEARCH_USER_PATHS = NO;
				CLANG_ANALYZER_NONNULL = YES;
				CLANG_ANALYZER_NUMBER_OBJECT_CONVERSION = YES_AGGRESSIVE;
				CLANG_CXX_LANGUAGE_STANDARD = "gnu++14";
				CLANG_CXX_LIBRARY = "libc++";
				CLANG_ENABLE_MODULES = YES;
				CLANG_ENABLE_OBJC_ARC = YES;
				CLANG_ENABLE_OBJC_WEAK = YES;
				CLANG_WARN_BLOCK_CAPTURE_AUTORELEASING = YES;
				CLANG_WARN_BOOL_CONVERSION = YES;
				CLANG_WARN_COMMA = YES;
				CLANG_WARN_CONSTANT_CONVERSION = YES;
				CLANG_WARN_DEPRECATED_OBJC_IMPLEMENTATIONS = YES;
				CLANG_WARN_DIRECT_OBJC_ISA_USAGE = YES_ERROR;
				CLANG_WARN_DOCUMENTATION_COMMENTS = YES;
				CLANG_WARN_EMPTY_BODY = YES;
				CLANG_WARN_ENUM_CONVERSION = YES;
				CLANG_WARN_INFINITE_RECURSION = YES;
				CLANG_WARN_INT_CONVERSION = YES;
				CLANG_WARN_NON_LITERAL_NULL_CONVERSION = YES;
				CLANG_WARN_OBJC_IMPLICIT_RETAIN_SELF = YES;
				CLANG_WARN_OBJC_LITERAL_CONVERSION = YES;
				CLANG_WARN_OBJC_ROOT_CLASS = YES_ERROR;
				CLANG_WARN_RANGE_LOOP_ANALYSIS = YES;
				CLANG_WARN_STRICT_PROTOTYPES = YES;
				CLANG_WARN_SUSPICIOUS_MOVE = YES;
				CLANG_WARN_UNGUARDED_AVAILABILITY = YES_AGGRESSIVE;
				CLANG_WARN_UNREACHABLE_CODE = YES;
				CLANG_WARN__DUPLICATE_METHOD_MATCH = YES;
				COPY_PHASE_STRIP = NO;
				DEBUG_INFORMATION_FORMAT = dwarf;
				ENABLE_STRICT_OBJC_MSGSEND = YES;
				ENABLE_TESTABILITY = YES;
				GCC_C_LANGUAGE_STANDARD = gnu11;
				GCC_DYNAMIC_NO_PIC = NO;
				GCC_NO_COMMON_BLOCKS = YES;
				GCC_OPTIMIZATION_LEVEL = 0;
				GCC_PREPROCESSOR_DEFINITIONS = (
					"DEBUG=1",
					"$(inherited)",
				);
				GCC_WARN_64_TO_32_BIT_CONVERSION = YES;
				GCC_WARN_ABOUT_RETURN_TYPE = YES_ERROR;
				GCC_WARN_UNDECLARED_SELECTOR = YES;
				GCC_WARN_UNINITIALIZED_AUTOS = YES_AGGRESSIVE;
				GCC_WARN_UNUSED_FUNCTION = YES;
				GCC_WARN_UNUSED_VARIABLE = YES;
				IPHONEOS_DEPLOYMENT_TARGET = 13.7;
				MTL_ENABLE_DEBUG_INFO = INCLUDE_SOURCE;
				MTL_FAST_MATH = YES;
				ONLY_ACTIVE_ARCH = YES;
				SDKROOT = iphoneos;
				SWIFT_ACTIVE_COMPILATION_CONDITIONS = DEBUG;
				SWIFT_OPTIMIZATION_LEVEL = "-Onone";
			};
			name = Debug;
		};
		7ADA55812519A35800CE70DA /* Release */ = {
			isa = XCBuildConfiguration;
			buildSettings = {
				ALWAYS_SEARCH_USER_PATHS = NO;
				CLANG_ANALYZER_NONNULL = YES;
				CLANG_ANALYZER_NUMBER_OBJECT_CONVERSION = YES_AGGRESSIVE;
				CLANG_CXX_LANGUAGE_STANDARD = "gnu++14";
				CLANG_CXX_LIBRARY = "libc++";
				CLANG_ENABLE_MODULES = YES;
				CLANG_ENABLE_OBJC_ARC = YES;
				CLANG_ENABLE_OBJC_WEAK = YES;
				CLANG_WARN_BLOCK_CAPTURE_AUTORELEASING = YES;
				CLANG_WARN_BOOL_CONVERSION = YES;
				CLANG_WARN_COMMA = YES;
				CLANG_WARN_CONSTANT_CONVERSION = YES;
				CLANG_WARN_DEPRECATED_OBJC_IMPLEMENTATIONS = YES;
				CLANG_WARN_DIRECT_OBJC_ISA_USAGE = YES_ERROR;
				CLANG_WARN_DOCUMENTATION_COMMENTS = YES;
				CLANG_WARN_EMPTY_BODY = YES;
				CLANG_WARN_ENUM_CONVERSION = YES;
				CLANG_WARN_INFINITE_RECURSION = YES;
				CLANG_WARN_INT_CONVERSION = YES;
				CLANG_WARN_NON_LITERAL_NULL_CONVERSION = YES;
				CLANG_WARN_OBJC_IMPLICIT_RETAIN_SELF = YES;
				CLANG_WARN_OBJC_LITERAL_CONVERSION = YES;
				CLANG_WARN_OBJC_ROOT_CLASS = YES_ERROR;
				CLANG_WARN_RANGE_LOOP_ANALYSIS = YES;
				CLANG_WARN_STRICT_PROTOTYPES = YES;
				CLANG_WARN_SUSPICIOUS_MOVE = YES;
				CLANG_WARN_UNGUARDED_AVAILABILITY = YES_AGGRESSIVE;
				CLANG_WARN_UNREACHABLE_CODE = YES;
				CLANG_WARN__DUPLICATE_METHOD_MATCH = YES;
				COPY_PHASE_STRIP = NO;
				DEBUG_INFORMATION_FORMAT = "dwarf-with-dsym";
				ENABLE_NS_ASSERTIONS = NO;
				ENABLE_STRICT_OBJC_MSGSEND = YES;
				GCC_C_LANGUAGE_STANDARD = gnu11;
				GCC_NO_COMMON_BLOCKS = YES;
				GCC_WARN_64_TO_32_BIT_CONVERSION = YES;
				GCC_WARN_ABOUT_RETURN_TYPE = YES_ERROR;
				GCC_WARN_UNDECLARED_SELECTOR = YES;
				GCC_WARN_UNINITIALIZED_AUTOS = YES_AGGRESSIVE;
				GCC_WARN_UNUSED_FUNCTION = YES;
				GCC_WARN_UNUSED_VARIABLE = YES;
				IPHONEOS_DEPLOYMENT_TARGET = 13.7;
				MTL_ENABLE_DEBUG_INFO = NO;
				MTL_FAST_MATH = YES;
				SDKROOT = iphoneos;
				SWIFT_COMPILATION_MODE = wholemodule;
				SWIFT_OPTIMIZATION_LEVEL = "-O";
				VALIDATE_PRODUCT = YES;
			};
			name = Release;
		};
		7ADA55832519A35800CE70DA /* Debug */ = {
			isa = XCBuildConfiguration;
			buildSettings = {
				ASSETCATALOG_COMPILER_APPICON_NAME = AppIcon;
				CODE_SIGN_STYLE = Automatic;
				INFOPLIST_FILE = "Apple Pie/Info.plist";
				LD_RUNPATH_SEARCH_PATHS = (
					"$(inherited)",
					"@executable_path/Frameworks",
				);
				PRODUCT_BUNDLE_IDENTIFIER = "ScottOrganization.Apple-Pie";
				PRODUCT_NAME = "$(TARGET_NAME)";
				SWIFT_VERSION = 5.0;
				TARGETED_DEVICE_FAMILY = 2;
			};
			name = Debug;
		};
		7ADA55842519A35800CE70DA /* Release */ = {
			isa = XCBuildConfiguration;
			buildSettings = {
				ASSETCATALOG_COMPILER_APPICON_NAME = AppIcon;
				CODE_SIGN_STYLE = Automatic;
				INFOPLIST_FILE = "Apple Pie/Info.plist";
				LD_RUNPATH_SEARCH_PATHS = (
					"$(inherited)",
					"@executable_path/Frameworks",
				);
				PRODUCT_BUNDLE_IDENTIFIER = "ScottOrganization.Apple-Pie";
				PRODUCT_NAME = "$(TARGET_NAME)";
				SWIFT_VERSION = 5.0;
				TARGETED_DEVICE_FAMILY = 2;
			};
			name = Release;
		};
		7ADA55862519A35800CE70DA /* Debug */ = {
			isa = XCBuildConfiguration;
			buildSettings = {
				ALWAYS_EMBED_SWIFT_STANDARD_LIBRARIES = YES;
				BUNDLE_LOADER = "$(TEST_HOST)";
				CODE_SIGN_STYLE = Automatic;
				INFOPLIST_FILE = "Apple PieTests/Info.plist";
				IPHONEOS_DEPLOYMENT_TARGET = 13.7;
				LD_RUNPATH_SEARCH_PATHS = (
					"$(inherited)",
					"@executable_path/Frameworks",
					"@loader_path/Frameworks",
				);
				PRODUCT_BUNDLE_IDENTIFIER = "ScottOrganization.Apple-PieTests";
				PRODUCT_NAME = "$(TARGET_NAME)";
				SWIFT_VERSION = 5.0;
				TARGETED_DEVICE_FAMILY = "1,2";
				TEST_HOST = "$(BUILT_PRODUCTS_DIR)/Apple Pie.app/Apple Pie";
			};
			name = Debug;
		};
		7ADA55872519A35800CE70DA /* Release */ = {
			isa = XCBuildConfiguration;
			buildSettings = {
				ALWAYS_EMBED_SWIFT_STANDARD_LIBRARIES = YES;
				BUNDLE_LOADER = "$(TEST_HOST)";
				CODE_SIGN_STYLE = Automatic;
				INFOPLIST_FILE = "Apple PieTests/Info.plist";
				IPHONEOS_DEPLOYMENT_TARGET = 13.7;
				LD_RUNPATH_SEARCH_PATHS = (
					"$(inherited)",
					"@executable_path/Frameworks",
					"@loader_path/Frameworks",
				);
				PRODUCT_BUNDLE_IDENTIFIER = "ScottOrganization.Apple-PieTests";
				PRODUCT_NAME = "$(TARGET_NAME)";
				SWIFT_VERSION = 5.0;
				TARGETED_DEVICE_FAMILY = "1,2";
				TEST_HOST = "$(BUILT_PRODUCTS_DIR)/Apple Pie.app/Apple Pie";
			};
			name = Release;
		};
		7ADA55892519A35800CE70DA /* Debug */ = {
			isa = XCBuildConfiguration;
			buildSettings = {
				ALWAYS_EMBED_SWIFT_STANDARD_LIBRARIES = YES;
				CODE_SIGN_STYLE = Automatic;
				INFOPLIST_FILE = "Apple PieUITests/Info.plist";
				LD_RUNPATH_SEARCH_PATHS = (
					"$(inherited)",
					"@executable_path/Frameworks",
					"@loader_path/Frameworks",
				);
				PRODUCT_BUNDLE_IDENTIFIER = "ScottOrganization.Apple-PieUITests";
				PRODUCT_NAME = "$(TARGET_NAME)";
				SWIFT_VERSION = 5.0;
				TARGETED_DEVICE_FAMILY = "1,2";
				TEST_TARGET_NAME = "Apple Pie";
			};
			name = Debug;
		};
		7ADA558A2519A35800CE70DA /* Release */ = {
			isa = XCBuildConfiguration;
			buildSettings = {
				ALWAYS_EMBED_SWIFT_STANDARD_LIBRARIES = YES;
				CODE_SIGN_STYLE = Automatic;
				INFOPLIST_FILE = "Apple PieUITests/Info.plist";
				LD_RUNPATH_SEARCH_PATHS = (
					"$(inherited)",
					"@executable_path/Frameworks",
					"@loader_path/Frameworks",
				);
				PRODUCT_BUNDLE_IDENTIFIER = "ScottOrganization.Apple-PieUITests";
				PRODUCT_NAME = "$(TARGET_NAME)";
				SWIFT_VERSION = 5.0;
				TARGETED_DEVICE_FAMILY = "1,2";
				TEST_TARGET_NAME = "Apple Pie";
			};
			name = Release;
		};
/* End XCBuildConfiguration section */

/* Begin XCConfigurationList section */
		7ADA55532519A35400CE70DA /* Build configuration list for PBXProject "Apple Pie" */ = {
			isa = XCConfigurationList;
			buildConfigurations = (
				7ADA55802519A35800CE70DA /* Debug */,
				7ADA55812519A35800CE70DA /* Release */,
			);
			defaultConfigurationIsVisible = 0;
			defaultConfigurationName = Release;
		};
		7ADA55822519A35800CE70DA /* Build configuration list for PBXNativeTarget "Apple Pie" */ = {
			isa = XCConfigurationList;
			buildConfigurations = (
				7ADA55832519A35800CE70DA /* Debug */,
				7ADA55842519A35800CE70DA /* Release */,
			);
			defaultConfigurationIsVisible = 0;
			defaultConfigurationName = Release;
		};
		7ADA55852519A35800CE70DA /* Build configuration list for PBXNativeTarget "Apple PieTests" */ = {
			isa = XCConfigurationList;
			buildConfigurations = (
				7ADA55862519A35800CE70DA /* Debug */,
				7ADA55872519A35800CE70DA /* Release */,
			);
			defaultConfigurationIsVisible = 0;
			defaultConfigurationName = Release;
		};
		7ADA55882519A35800CE70DA /* Build configuration list for PBXNativeTarget "Apple PieUITests" */ = {
			isa = XCConfigurationList;
			buildConfigurations = (
				7ADA55892519A35800CE70DA /* Debug */,
				7ADA558A2519A35800CE70DA /* Release */,
			);
			defaultConfigurationIsVisible = 0;
			defaultConfigurationName = Release;
		};
/* End XCConfigurationList section */
	};
	rootObject = 7ADA55502519A35400CE70DA /* Project object */;
}
